{
  "nodes": {
    "emacs-overlay": {
      "locked": {
        "lastModified": 1611562389,
        "narHash": "sha256-G7amvMQZWb4IAleZZgFjePdpPaXJ991idgwTOTcEqd4=",
        "owner": "nix-community",
        "repo": "emacs-overlay",
        "rev": "9fc41bfa86a86f8a8a36d8bdb4a8635b15ad5d9c",
        "type": "github"
      },
      "original": {
        "owner": "nix-community",
        "repo": "emacs-overlay",
        "type": "github"
      }
    },
    "nixpkgs": {
      "locked": {
        "lastModified": 1611595773,
        "narHash": "sha256-86FsoDKZYG6dA8ZPjqmxecfOO3Vjr9z45rwnXIYDdyQ=",
        "owner": "NixOS",
        "repo": "nixpkgs",
        "rev": "e06e84759533c03b308b8b706da33908b4ef1cb9",
        "type": "github"
      },
      "original": {
        "id": "nixpkgs",
        "type": "indirect"
      }
    },
    "nmd": {
      "flake": false,
      "locked": {
        "lastModified": 1591526120,
        "narHash": "sha256-srJ+qub7TdhBwQxnjDYY5qc/3180XG616u7Ft/a0vOI=",
        "owner": "rycee",
        "repo": "nmd",
        "rev": "f204dd1e1033c891a00ae53ae29bc275c68e54dd",
        "type": "gitlab"
      },
      "original": {
        "owner": "rycee",
        "repo": "nmd",
        "type": "gitlab"
      }
    },
    "root": {
      "inputs": {
        "emacs-overlay": "emacs-overlay",
        "nixpkgs": "nixpkgs",
        "nmd": "nmd"
      }
    }
  },
  "root": "root",
  "version": 7
}
