{
  "nodes": {
    "emacs-overlay": {
      "inputs": {
        "flake-utils": "flake-utils",
        "nixpkgs": "nixpkgs"
      },
      "locked": {
        "lastModified": 1667538873,
        "narHash": "sha256-zV1OemF3Pl4t8USt0S1pu7Ye/bNX7vYjqQ531zWWQLU=",
        "owner": "nix-community",
        "repo": "emacs-overlay",
        "rev": "6f5b9e6e9b04a750edfa9e706173635186e2c7ea",
        "type": "github"
      },
      "original": {
        "owner": "nix-community",
        "repo": "emacs-overlay",
        "type": "github"
      }
    },
    "flake-utils": {
      "locked": {
        "lastModified": 1667395993,
        "narHash": "sha256-nuEHfE/LcWyuSWnS8t12N1wc105Qtau+/OdUAjtQ0rA=",
        "owner": "numtide",
        "repo": "flake-utils",
        "rev": "5aed5285a952e0b949eb3ba02c12fa4fcfef535f",
        "type": "github"
      },
      "original": {
        "owner": "numtide",
        "repo": "flake-utils",
        "type": "github"
      }
    },
    "nixpkgs": {
      "locked": {
        "lastModified": 1667379994,
        "narHash": "sha256-PFOg8WHqfKXsIGZtEC0aB+rl8SB1cXvA01ytIudnRh8=",
        "owner": "NixOS",
        "repo": "nixpkgs",
        "rev": "a704b9029586266f63807f64a6718f1a65b0f83b",
        "type": "github"
      },
      "original": {
        "id": "nixpkgs",
        "type": "indirect"
      }
    },
    "nixpkgs_2": {
      "locked": {
        "lastModified": 1667379994,
        "narHash": "sha256-PFOg8WHqfKXsIGZtEC0aB+rl8SB1cXvA01ytIudnRh8=",
        "owner": "NixOS",
        "repo": "nixpkgs",
        "rev": "a704b9029586266f63807f64a6718f1a65b0f83b",
        "type": "github"
      },
      "original": {
        "id": "nixpkgs",
        "type": "indirect"
      }
    },
    "nmd": {
      "flake": false,
      "locked": {
        "lastModified": 1666190571,
        "narHash": "sha256-Z1hc7M9X6L+H83o9vOprijpzhTfOBjd0KmUTnpHAVjA=",
        "owner": "rycee",
        "repo": "nmd",
        "rev": "b75d312b4f33bd3294cd8ae5c2ca8c6da2afc169",
        "type": "gitlab"
      },
      "original": {
        "owner": "rycee",
        "repo": "nmd",
        "type": "gitlab"
      }
    },
    "root": {
      "inputs": {
        "emacs-overlay": "emacs-overlay",
        "nixpkgs": "nixpkgs_2",
        "nmd": "nmd"
      }
    }
  },
  "root": "root",
  "version": 7
}
